
Microsoft Visual Studio Solution File, Format Version 12.00
# Visual Studio Version 17
VisualStudioVersion = 17.4.33205.214
MinimumVisualStudioVersion = 10.0.40219.1
Project("{FAE04EC0-301F-11D3-BF4B-00C04F79EFBC}") = "kontrolltoo", "kontrolltoo.csproj", "{55696C53-EA92-46DE-86BB-2724B2983B13}"
EndProject
Global
	GlobalSection(SolutionConfigurationPlatforms) = preSolution
		Debug|Any CPU = Debug|Any CPU
		Release|Any CPU = Release|Any CPU
	EndGlobalSection
	GlobalSection(ProjectConfigurationPlatforms) = postSolution
		{55696C53-EA92-46DE-86BB-2724B2983B13}.Debug|Any CPU.ActiveCfg = Debug|Any CPU
		{55696C53-EA92-46DE-86BB-2724B2983B13}.Debug|Any CPU.Build.0 = Debug|Any CPU
		{55696C53-EA92-46DE-86BB-2724B2983B13}.Release|Any CPU.ActiveCfg = Release|Any CPU
		{55696C53-EA92-46DE-86BB-2724B2983B13}.Release|Any CPU.Build.0 = Release|Any CPU
	EndGlobalSection
	GlobalSection(SolutionProperties) = preSolution
		HideSolutionNode = FALSE
	EndGlobalSection
	GlobalSection(ExtensibilityGlobals) = postSolution
		SolutionGuid = {C9B419A1-D679-4E87-B9C7-8A67585A4141}
	EndGlobalSection
EndGlobal
